// !$*UTF8*$!
{
	archiveVersion = 1;
	classes = {
	};
	objectVersion = 56;
	objects = {

/* Begin PBXBuildFile section */
		C49C87D32BC5EFBF0074CD58 /* MockChatViewModel.swift in Sources */ = {isa = PBXBuildFile; fileRef = C49C87D02BC5EFBF0074CD58 /* MockChatViewModel.swift */; };
		C49C87D42BC5EFBF0074CD58 /* MockAPIClient.swift in Sources */ = {isa = PBXBuildFile; fileRef = C49C87D12BC5EFBF0074CD58 /* MockAPIClient.swift */; };
		C49C87D52BC5EFBF0074CD58 /* MockLoginViewModel.swift in Sources */ = {isa = PBXBuildFile; fileRef = C49C87D22BC5EFBF0074CD58 /* MockLoginViewModel.swift */; };
		C49C88132BC738C40074CD58 /* GoogleService-Info.plist in Resources */ = {isa = PBXBuildFile; fileRef = C49C88122BC738C40074CD58 /* GoogleService-Info.plist */; };
		C49C884B2BC7494D0074CD58 /* FirebaseAnalytics in Frameworks */ = {isa = PBXBuildFile; productRef = C49C884A2BC7494D0074CD58 /* FirebaseAnalytics */; };
		C49C884D2BC7494D0074CD58 /* FirebaseAnalyticsSwift in Frameworks */ = {isa = PBXBuildFile; productRef = C49C884C2BC7494D0074CD58 /* FirebaseAnalyticsSwift */; };
		CDC7800F2BC17B360095B120 /* ChatCompanionApp.swift in Sources */ = {isa = PBXBuildFile; fileRef = CDC7800E2BC17B360095B120 /* ChatCompanionApp.swift */; };
		CDC780132BC17B380095B120 /* Assets.xcassets in Resources */ = {isa = PBXBuildFile; fileRef = CDC780122BC17B380095B120 /* Assets.xcassets */; };
		CDC780162BC17B380095B120 /* Preview Assets.xcassets in Resources */ = {isa = PBXBuildFile; fileRef = CDC780152BC17B380095B120 /* Preview Assets.xcassets */; };
		CDC780202BC17B380095B120 /* ChatCompanionTests.swift in Sources */ = {isa = PBXBuildFile; fileRef = CDC7801F2BC17B380095B120 /* ChatCompanionTests.swift */; };
		CDC7802A2BC17B380095B120 /* ChatCompanionUITests.swift in Sources */ = {isa = PBXBuildFile; fileRef = CDC780292BC17B380095B120 /* ChatCompanionUITests.swift */; };
		CDC7802C2BC17B380095B120 /* ChatCompanionUITestsLaunchTests.swift in Sources */ = {isa = PBXBuildFile; fileRef = CDC7802B2BC17B380095B120 /* ChatCompanionUITestsLaunchTests.swift */; };
		CDC780392BC17D6C0095B120 /* Message.swift in Sources */ = {isa = PBXBuildFile; fileRef = CDC780382BC17D6B0095B120 /* Message.swift */; };
		CDC7803C2BC17D8C0095B120 /* APIClient.swift in Sources */ = {isa = PBXBuildFile; fileRef = CDC7803B2BC17D8C0095B120 /* APIClient.swift */; };
		CDC780422BC17E160095B120 /* ChatViewModel.swift in Sources */ = {isa = PBXBuildFile; fileRef = CDC780412BC17E160095B120 /* ChatViewModel.swift */; };
		CDC780452BC17E3D0095B120 /* ChatView.swift in Sources */ = {isa = PBXBuildFile; fileRef = CDC780442BC17E3D0095B120 /* ChatView.swift */; };
		CDC780472BC17F780095B120 /* User.swift in Sources */ = {isa = PBXBuildFile; fileRef = CDC780462BC17F780095B120 /* User.swift */; };
		CDC780492BC17F880095B120 /* MessageBubble.swift in Sources */ = {isa = PBXBuildFile; fileRef = CDC780482BC17F880095B120 /* MessageBubble.swift */; };
		CDC7804C2BC17F9E0095B120 /* TextInputField.swift in Sources */ = {isa = PBXBuildFile; fileRef = CDC7804B2BC17F9E0095B120 /* TextInputField.swift */; };
		CDC7804E2BC17FAF0095B120 /* APIEndpoints.swift in Sources */ = {isa = PBXBuildFile; fileRef = CDC7804D2BC17FAF0095B120 /* APIEndpoints.swift */; };
		CDC780502BC17FC00095B120 /* StringExtensions.swift in Sources */ = {isa = PBXBuildFile; fileRef = CDC7804F2BC17FC00095B120 /* StringExtensions.swift */; };
		CDC780542BC181A50095B120 /* UserViewModel.swift in Sources */ = {isa = PBXBuildFile; fileRef = CDC780532BC181A50095B120 /* UserViewModel.swift */; };
		CDC780562BC187090095B120 /* URLSessionProtocol.swift in Sources */ = {isa = PBXBuildFile; fileRef = CDC780552BC187090095B120 /* URLSessionProtocol.swift */; };
		CDC780582BC1879A0095B120 /* APIClientTests.swift in Sources */ = {isa = PBXBuildFile; fileRef = CDC780572BC1879A0095B120 /* APIClientTests.swift */; };
		CDC7805A2BC1F0590095B120 /* UserListView.swift in Sources */ = {isa = PBXBuildFile; fileRef = CDC780592BC1F0590095B120 /* UserListView.swift */; };
		CDC7805C2BC1F1AA0095B120 /* UserViewModelTests.swift in Sources */ = {isa = PBXBuildFile; fileRef = CDC7805B2BC1F1AA0095B120 /* UserViewModelTests.swift */; };
		CDC7805E2BC2B8B30095B120 /* MessageListView.swift in Sources */ = {isa = PBXBuildFile; fileRef = CDC7805D2BC2B8B30095B120 /* MessageListView.swift */; };
		CDC780602BC2B8CB0095B120 /* UserAvatarView.swift in Sources */ = {isa = PBXBuildFile; fileRef = CDC7805F2BC2B8CB0095B120 /* UserAvatarView.swift */; };
		CDC780622BC2B8F90095B120 /* PrimaryButtonStyle.swift in Sources */ = {isa = PBXBuildFile; fileRef = CDC780612BC2B8F90095B120 /* PrimaryButtonStyle.swift */; };
		CDC780642BC2B9440095B120 /* Colorextensions.swift in Sources */ = {isa = PBXBuildFile; fileRef = CDC780632BC2B9440095B120 /* Colorextensions.swift */; };
		CDC780662BC2B9BB0095B120 /* NetworkMonitor.swift in Sources */ = {isa = PBXBuildFile; fileRef = CDC780652BC2B9BB0095B120 /* NetworkMonitor.swift */; };
		CDC780692BC2B9DA0095B120 /* Logger.swift in Sources */ = {isa = PBXBuildFile; fileRef = CDC780682BC2B9DA0095B120 /* Logger.swift */; };
		CDC7806B2BC2C1010095B120 /* LoginView.swift in Sources */ = {isa = PBXBuildFile; fileRef = CDC7806A2BC2C1010095B120 /* LoginView.swift */; };
		CDC7806D2BC2C1170095B120 /* LoginViewModel.swift in Sources */ = {isa = PBXBuildFile; fileRef = CDC7806C2BC2C1170095B120 /* LoginViewModel.swift */; };
/* End PBXBuildFile section */

/* Begin PBXContainerItemProxy section */
		CDC7801C2BC17B380095B120 /* PBXContainerItemProxy */ = {
			isa = PBXContainerItemProxy;
			containerPortal = CDC780032BC17B360095B120 /* Project object */;
			proxyType = 1;
			remoteGlobalIDString = CDC7800A2BC17B360095B120;
			remoteInfo = ChatCompanion;
		};
		CDC780262BC17B380095B120 /* PBXContainerItemProxy */ = {
			isa = PBXContainerItemProxy;
			containerPortal = CDC780032BC17B360095B120 /* Project object */;
			proxyType = 1;
			remoteGlobalIDString = CDC7800A2BC17B360095B120;
			remoteInfo = ChatCompanion;
		};
/* End PBXContainerItemProxy section */

/* Begin PBXFileReference section */
		C49C87D02BC5EFBF0074CD58 /* MockChatViewModel.swift */ = {isa = PBXFileReference; fileEncoding = 4; lastKnownFileType = sourcecode.swift; path = MockChatViewModel.swift; sourceTree = "<group>"; };
		C49C87D12BC5EFBF0074CD58 /* MockAPIClient.swift */ = {isa = PBXFileReference; fileEncoding = 4; lastKnownFileType = sourcecode.swift; path = MockAPIClient.swift; sourceTree = "<group>"; };
		C49C87D22BC5EFBF0074CD58 /* MockLoginViewModel.swift */ = {isa = PBXFileReference; fileEncoding = 4; lastKnownFileType = sourcecode.swift; path = MockLoginViewModel.swift; sourceTree = "<group>"; };
		C49C88122BC738C40074CD58 /* GoogleService-Info.plist */ = {isa = PBXFileReference; fileEncoding = 4; lastKnownFileType = text.plist.xml; path = "GoogleService-Info.plist"; sourceTree = "<group>"; };
		CDC7800B2BC17B360095B120 /* ChatCompanion.app */ = {isa = PBXFileReference; explicitFileType = wrapper.application; includeInIndex = 0; path = ChatCompanion.app; sourceTree = BUILT_PRODUCTS_DIR; };
		CDC7800E2BC17B360095B120 /* ChatCompanionApp.swift */ = {isa = PBXFileReference; lastKnownFileType = sourcecode.swift; path = ChatCompanionApp.swift; sourceTree = "<group>"; };
		CDC780122BC17B380095B120 /* Assets.xcassets */ = {isa = PBXFileReference; lastKnownFileType = folder.assetcatalog; path = Assets.xcassets; sourceTree = "<group>"; };
		CDC780152BC17B380095B120 /* Preview Assets.xcassets */ = {isa = PBXFileReference; lastKnownFileType = folder.assetcatalog; path = "Preview Assets.xcassets"; sourceTree = "<group>"; };
		CDC7801B2BC17B380095B120 /* ChatCompanionTests.xctest */ = {isa = PBXFileReference; explicitFileType = wrapper.cfbundle; includeInIndex = 0; path = ChatCompanionTests.xctest; sourceTree = BUILT_PRODUCTS_DIR; };
		CDC7801F2BC17B380095B120 /* ChatCompanionTests.swift */ = {isa = PBXFileReference; lastKnownFileType = sourcecode.swift; path = ChatCompanionTests.swift; sourceTree = "<group>"; };
		CDC780252BC17B380095B120 /* ChatCompanionUITests.xctest */ = {isa = PBXFileReference; explicitFileType = wrapper.cfbundle; includeInIndex = 0; path = ChatCompanionUITests.xctest; sourceTree = BUILT_PRODUCTS_DIR; };
		CDC780292BC17B380095B120 /* ChatCompanionUITests.swift */ = {isa = PBXFileReference; lastKnownFileType = sourcecode.swift; path = ChatCompanionUITests.swift; sourceTree = "<group>"; };
		CDC7802B2BC17B380095B120 /* ChatCompanionUITestsLaunchTests.swift */ = {isa = PBXFileReference; lastKnownFileType = sourcecode.swift; path = ChatCompanionUITestsLaunchTests.swift; sourceTree = "<group>"; };
		CDC780382BC17D6B0095B120 /* Message.swift */ = {isa = PBXFileReference; lastKnownFileType = sourcecode.swift; path = Message.swift; sourceTree = "<group>"; };
		CDC7803B2BC17D8C0095B120 /* APIClient.swift */ = {isa = PBXFileReference; lastKnownFileType = sourcecode.swift; path = APIClient.swift; sourceTree = "<group>"; };
		CDC780412BC17E160095B120 /* ChatViewModel.swift */ = {isa = PBXFileReference; lastKnownFileType = sourcecode.swift; path = ChatViewModel.swift; sourceTree = "<group>"; };
		CDC780442BC17E3D0095B120 /* ChatView.swift */ = {isa = PBXFileReference; lastKnownFileType = sourcecode.swift; path = ChatView.swift; sourceTree = "<group>"; };
		CDC780462BC17F780095B120 /* User.swift */ = {isa = PBXFileReference; lastKnownFileType = sourcecode.swift; path = User.swift; sourceTree = "<group>"; };
		CDC780482BC17F880095B120 /* MessageBubble.swift */ = {isa = PBXFileReference; lastKnownFileType = sourcecode.swift; path = MessageBubble.swift; sourceTree = "<group>"; };
		CDC7804B2BC17F9E0095B120 /* TextInputField.swift */ = {isa = PBXFileReference; lastKnownFileType = sourcecode.swift; path = TextInputField.swift; sourceTree = "<group>"; };
		CDC7804D2BC17FAF0095B120 /* APIEndpoints.swift */ = {isa = PBXFileReference; lastKnownFileType = sourcecode.swift; path = APIEndpoints.swift; sourceTree = "<group>"; };
		CDC7804F2BC17FC00095B120 /* StringExtensions.swift */ = {isa = PBXFileReference; lastKnownFileType = sourcecode.swift; path = StringExtensions.swift; sourceTree = "<group>"; };
		CDC780532BC181A50095B120 /* UserViewModel.swift */ = {isa = PBXFileReference; lastKnownFileType = sourcecode.swift; path = UserViewModel.swift; sourceTree = "<group>"; };
		CDC780552BC187090095B120 /* URLSessionProtocol.swift */ = {isa = PBXFileReference; lastKnownFileType = sourcecode.swift; path = URLSessionProtocol.swift; sourceTree = "<group>"; };
		CDC780572BC1879A0095B120 /* APIClientTests.swift */ = {isa = PBXFileReference; lastKnownFileType = sourcecode.swift; path = APIClientTests.swift; sourceTree = "<group>"; };
		CDC780592BC1F0590095B120 /* UserListView.swift */ = {isa = PBXFileReference; lastKnownFileType = sourcecode.swift; path = UserListView.swift; sourceTree = "<group>"; };
		CDC7805B2BC1F1AA0095B120 /* UserViewModelTests.swift */ = {isa = PBXFileReference; lastKnownFileType = sourcecode.swift; path = UserViewModelTests.swift; sourceTree = "<group>"; };
		CDC7805D2BC2B8B30095B120 /* MessageListView.swift */ = {isa = PBXFileReference; lastKnownFileType = sourcecode.swift; path = MessageListView.swift; sourceTree = "<group>"; };
		CDC7805F2BC2B8CB0095B120 /* UserAvatarView.swift */ = {isa = PBXFileReference; lastKnownFileType = sourcecode.swift; path = UserAvatarView.swift; sourceTree = "<group>"; };
		CDC780612BC2B8F90095B120 /* PrimaryButtonStyle.swift */ = {isa = PBXFileReference; lastKnownFileType = sourcecode.swift; path = PrimaryButtonStyle.swift; sourceTree = "<group>"; };
		CDC780632BC2B9440095B120 /* Colorextensions.swift */ = {isa = PBXFileReference; lastKnownFileType = sourcecode.swift; path = Colorextensions.swift; sourceTree = "<group>"; };
		CDC780652BC2B9BB0095B120 /* NetworkMonitor.swift */ = {isa = PBXFileReference; lastKnownFileType = sourcecode.swift; path = NetworkMonitor.swift; sourceTree = "<group>"; };
		CDC780682BC2B9DA0095B120 /* Logger.swift */ = {isa = PBXFileReference; lastKnownFileType = sourcecode.swift; path = Logger.swift; sourceTree = "<group>"; };
		CDC7806A2BC2C1010095B120 /* LoginView.swift */ = {isa = PBXFileReference; lastKnownFileType = sourcecode.swift; path = LoginView.swift; sourceTree = "<group>"; };
		CDC7806C2BC2C1170095B120 /* LoginViewModel.swift */ = {isa = PBXFileReference; lastKnownFileType = sourcecode.swift; path = LoginViewModel.swift; sourceTree = "<group>"; };
/* End PBXFileReference section */

/* Begin PBXFrameworksBuildPhase section */
		CDC780082BC17B360095B120 /* Frameworks */ = {
			isa = PBXFrameworksBuildPhase;
			buildActionMask = 2147483647;
			files = (
				C49C884D2BC7494D0074CD58 /* FirebaseAnalyticsSwift in Frameworks */,
				C49C884B2BC7494D0074CD58 /* FirebaseAnalytics in Frameworks */,
			);
			runOnlyForDeploymentPostprocessing = 0;
		};
		CDC780182BC17B380095B120 /* Frameworks */ = {
			isa = PBXFrameworksBuildPhase;
			buildActionMask = 2147483647;
			files = (
			);
			runOnlyForDeploymentPostprocessing = 0;
		};
		CDC780222BC17B380095B120 /* Frameworks */ = {
			isa = PBXFrameworksBuildPhase;
			buildActionMask = 2147483647;
			files = (
			);
			runOnlyForDeploymentPostprocessing = 0;
		};
/* End PBXFrameworksBuildPhase section */

/* Begin PBXGroup section */
		C411334B2BC5EAC8008B16A0 /* Preview Support */ = {
			isa = PBXGroup;
			children = (
				C49C87D12BC5EFBF0074CD58 /* MockAPIClient.swift */,
				C49C87D02BC5EFBF0074CD58 /* MockChatViewModel.swift */,
				C49C87D22BC5EFBF0074CD58 /* MockLoginViewModel.swift */,
			);
			path = "Preview Support";
			sourceTree = "<group>";
		};
		C49C88152BC73DDD0074CD58 /* Frameworks */ = {
			isa = PBXGroup;
			children = (
			);
			name = Frameworks;
			sourceTree = "<group>";
		};
		CDC780022BC17B360095B120 = {
			isa = PBXGroup;
			children = (
				CDC7800D2BC17B360095B120 /* ChatCompanion */,
				CDC7801E2BC17B380095B120 /* ChatCompanionTests */,
				CDC780282BC17B380095B120 /* ChatCompanionUITests */,
				CDC7800C2BC17B360095B120 /* Products */,
				C49C88152BC73DDD0074CD58 /* Frameworks */,
			);
			sourceTree = "<group>";
		};
		CDC7800C2BC17B360095B120 /* Products */ = {
			isa = PBXGroup;
			children = (
				CDC7800B2BC17B360095B120 /* ChatCompanion.app */,
				CDC7801B2BC17B380095B120 /* ChatCompanionTests.xctest */,
				CDC780252BC17B380095B120 /* ChatCompanionUITests.xctest */,
			);
			name = Products;
			sourceTree = "<group>";
		};
		CDC7800D2BC17B360095B120 /* ChatCompanion */ = {
			isa = PBXGroup;
			children = (
				C49C88122BC738C40074CD58 /* GoogleService-Info.plist */,
				CDC7800E2BC17B360095B120 /* ChatCompanionApp.swift */,
				CDC780432BC17E270095B120 /* ViewModels */,
				CDC780402BC17DFD0095B120 /* Views */,
				CDC780142BC17B380095B120 /* Preview Content */,
				CDC7803A2BC17D7E0095B120 /* Models */,
				CDC7803E2BC17DA30095B120 /* Services */,
				CDC780522BC17FCD0095B120 /* Helpers */,
				C411334B2BC5EAC8008B16A0 /* Preview Support */,
			);
			path = ChatCompanion;
			sourceTree = "<group>";
		};
		CDC780142BC17B380095B120 /* Preview Content */ = {
			isa = PBXGroup;
			children = (
				CDC780152BC17B380095B120 /* Preview Assets.xcassets */,
			);
			path = "Preview Content";
			sourceTree = "<group>";
		};
		CDC7801E2BC17B380095B120 /* ChatCompanionTests */ = {
			isa = PBXGroup;
			children = (
				CDC7801F2BC17B380095B120 /* ChatCompanionTests.swift */,
				CDC780572BC1879A0095B120 /* APIClientTests.swift */,
				CDC7805B2BC1F1AA0095B120 /* UserViewModelTests.swift */,
			);
			path = ChatCompanionTests;
			sourceTree = "<group>";
		};
		CDC780282BC17B380095B120 /* ChatCompanionUITests */ = {
			isa = PBXGroup;
			children = (
				CDC780292BC17B380095B120 /* ChatCompanionUITests.swift */,
				CDC7802B2BC17B380095B120 /* ChatCompanionUITestsLaunchTests.swift */,
			);
			path = ChatCompanionUITests;
			sourceTree = "<group>";
		};
		CDC7803A2BC17D7E0095B120 /* Models */ = {
			isa = PBXGroup;
			children = (
				CDC780382BC17D6B0095B120 /* Message.swift */,
				CDC780462BC17F780095B120 /* User.swift */,
			);
			path = Models;
			sourceTree = "<group>";
		};
		CDC7803D2BC17D9B0095B120 /* Networking */ = {
			isa = PBXGroup;
			children = (
				CDC7803B2BC17D8C0095B120 /* APIClient.swift */,
				CDC7804D2BC17FAF0095B120 /* APIEndpoints.swift */,
				CDC780552BC187090095B120 /* URLSessionProtocol.swift */,
			);
			path = Networking;
			sourceTree = "<group>";
		};
		CDC7803E2BC17DA30095B120 /* Services */ = {
			isa = PBXGroup;
			children = (
				CDC7803D2BC17D9B0095B120 /* Networking */,
				CDC780672BC2B9C20095B120 /* Utilities */,
			);
			path = Services;
			sourceTree = "<group>";
		};
		CDC780402BC17DFD0095B120 /* Views */ = {
			isa = PBXGroup;
			children = (
				CDC7805D2BC2B8B30095B120 /* MessageListView.swift */,
				CDC780592BC1F0590095B120 /* UserListView.swift */,
				CDC7806A2BC2C1010095B120 /* LoginView.swift */,
				CDC780442BC17E3D0095B120 /* ChatView.swift */,
				CDC7804A2BC17F8E0095B120 /* Components */,
				CDC7805F2BC2B8CB0095B120 /* UserAvatarView.swift */,
			);
			path = Views;
			sourceTree = "<group>";
		};
		CDC780432BC17E270095B120 /* ViewModels */ = {
			isa = PBXGroup;
			children = (
				CDC780412BC17E160095B120 /* ChatViewModel.swift */,
				CDC780532BC181A50095B120 /* UserViewModel.swift */,
				CDC7806C2BC2C1170095B120 /* LoginViewModel.swift */,
			);
			path = ViewModels;
			sourceTree = "<group>";
		};
		CDC7804A2BC17F8E0095B120 /* Components */ = {
			isa = PBXGroup;
			children = (
				CDC780482BC17F880095B120 /* MessageBubble.swift */,
				CDC7804B2BC17F9E0095B120 /* TextInputField.swift */,
				CDC780122BC17B380095B120 /* Assets.xcassets */,
				CDC780612BC2B8F90095B120 /* PrimaryButtonStyle.swift */,
			);
			path = Components;
			sourceTree = "<group>";
		};
		CDC780512BC17FC60095B120 /* Extensions */ = {
			isa = PBXGroup;
			children = (
				CDC7804F2BC17FC00095B120 /* StringExtensions.swift */,
				CDC780632BC2B9440095B120 /* Colorextensions.swift */,
			);
			path = Extensions;
			sourceTree = "<group>";
		};
		CDC780522BC17FCD0095B120 /* Helpers */ = {
			isa = PBXGroup;
			children = (
				CDC780512BC17FC60095B120 /* Extensions */,
			);
			path = Helpers;
			sourceTree = "<group>";
		};
		CDC780672BC2B9C20095B120 /* Utilities */ = {
			isa = PBXGroup;
			children = (
				CDC780652BC2B9BB0095B120 /* NetworkMonitor.swift */,
				CDC780682BC2B9DA0095B120 /* Logger.swift */,
			);
			path = Utilities;
			sourceTree = "<group>";
		};
/* End PBXGroup section */

/* Begin PBXNativeTarget section */
		CDC7800A2BC17B360095B120 /* ChatCompanion */ = {
			isa = PBXNativeTarget;
			buildConfigurationList = CDC7802F2BC17B380095B120 /* Build configuration list for PBXNativeTarget "ChatCompanion" */;
			buildPhases = (
				CDC780072BC17B360095B120 /* Sources */,
				CDC780082BC17B360095B120 /* Frameworks */,
				CDC780092BC17B360095B120 /* Resources */,
			);
			buildRules = (
			);
			dependencies = (
			);
			name = ChatCompanion;
			packageProductDependencies = (
				C49C884A2BC7494D0074CD58 /* FirebaseAnalytics */,
				C49C884C2BC7494D0074CD58 /* FirebaseAnalyticsSwift */,
			);
			productName = ChatCompanion;
			productReference = CDC7800B2BC17B360095B120 /* ChatCompanion.app */;
			productType = "com.apple.product-type.application";
		};
		CDC7801A2BC17B380095B120 /* ChatCompanionTests */ = {
			isa = PBXNativeTarget;
			buildConfigurationList = CDC780322BC17B380095B120 /* Build configuration list for PBXNativeTarget "ChatCompanionTests" */;
			buildPhases = (
				CDC780172BC17B380095B120 /* Sources */,
				CDC780182BC17B380095B120 /* Frameworks */,
				CDC780192BC17B380095B120 /* Resources */,
			);
			buildRules = (
			);
			dependencies = (
				CDC7801D2BC17B380095B120 /* PBXTargetDependency */,
			);
			name = ChatCompanionTests;
			productName = ChatCompanionTests;
			productReference = CDC7801B2BC17B380095B120 /* ChatCompanionTests.xctest */;
			productType = "com.apple.product-type.bundle.unit-test";
		};
		CDC780242BC17B380095B120 /* ChatCompanionUITests */ = {
			isa = PBXNativeTarget;
			buildConfigurationList = CDC780352BC17B380095B120 /* Build configuration list for PBXNativeTarget "ChatCompanionUITests" */;
			buildPhases = (
				CDC780212BC17B380095B120 /* Sources */,
				CDC780222BC17B380095B120 /* Frameworks */,
				CDC780232BC17B380095B120 /* Resources */,
			);
			buildRules = (
			);
			dependencies = (
				CDC780272BC17B380095B120 /* PBXTargetDependency */,
			);
			name = ChatCompanionUITests;
			productName = ChatCompanionUITests;
			productReference = CDC780252BC17B380095B120 /* ChatCompanionUITests.xctest */;
			productType = "com.apple.product-type.bundle.ui-testing";
		};
/* End PBXNativeTarget section */

/* Begin PBXProject section */
		CDC780032BC17B360095B120 /* Project object */ = {
			isa = PBXProject;
			attributes = {
				BuildIndependentTargetsInParallel = 1;
				LastSwiftUpdateCheck = 1520;
				LastUpgradeCheck = 1520;
				TargetAttributes = {
					CDC7800A2BC17B360095B120 = {
						CreatedOnToolsVersion = 15.2;
					};
					CDC7801A2BC17B380095B120 = {
						CreatedOnToolsVersion = 15.2;
						TestTargetID = CDC7800A2BC17B360095B120;
					};
					CDC780242BC17B380095B120 = {
						CreatedOnToolsVersion = 15.2;
						TestTargetID = CDC7800A2BC17B360095B120;
					};
				};
			};
			buildConfigurationList = CDC780062BC17B360095B120 /* Build configuration list for PBXProject "ChatCompanion" */;
			compatibilityVersion = "Xcode 14.0";
			developmentRegion = en;
			hasScannedForEncodings = 0;
			knownRegions = (
				en,
				Base,
			);
			mainGroup = CDC780022BC17B360095B120;
			packageReferences = (
				C49C88142BC73DA10074CD58 /* XCRemoteSwiftPackageReference "firebase-ios-sdk" */,
			);
			productRefGroup = CDC7800C2BC17B360095B120 /* Products */;
			projectDirPath = "";
			projectRoot = "";
			targets = (
				CDC7800A2BC17B360095B120 /* ChatCompanion */,
				CDC7801A2BC17B380095B120 /* ChatCompanionTests */,
				CDC780242BC17B380095B120 /* ChatCompanionUITests */,
			);
		};
/* End PBXProject section */

/* Begin PBXResourcesBuildPhase section */
		CDC780092BC17B360095B120 /* Resources */ = {
			isa = PBXResourcesBuildPhase;
			buildActionMask = 2147483647;
			files = (
				CDC780162BC17B380095B120 /* Preview Assets.xcassets in Resources */,
				CDC780132BC17B380095B120 /* Assets.xcassets in Resources */,
				C49C88132BC738C40074CD58 /* GoogleService-Info.plist in Resources */,
			);
			runOnlyForDeploymentPostprocessing = 0;
		};
		CDC780192BC17B380095B120 /* Resources */ = {
			isa = PBXResourcesBuildPhase;
			buildActionMask = 2147483647;
			files = (
			);
			runOnlyForDeploymentPostprocessing = 0;
		};
		CDC780232BC17B380095B120 /* Resources */ = {
			isa = PBXResourcesBuildPhase;
			buildActionMask = 2147483647;
			files = (
			);
			runOnlyForDeploymentPostprocessing = 0;
		};
/* End PBXResourcesBuildPhase section */

/* Begin PBXSourcesBuildPhase section */
		CDC780072BC17B360095B120 /* Sources */ = {
			isa = PBXSourcesBuildPhase;
			buildActionMask = 2147483647;
			files = (
				CDC780692BC2B9DA0095B120 /* Logger.swift in Sources */,
				CDC780392BC17D6C0095B120 /* Message.swift in Sources */,
				CDC780542BC181A50095B120 /* UserViewModel.swift in Sources */,
				CDC7800F2BC17B360095B120 /* ChatCompanionApp.swift in Sources */,
				CDC780422BC17E160095B120 /* ChatViewModel.swift in Sources */,
				CDC780642BC2B9440095B120 /* Colorextensions.swift in Sources */,
				CDC780622BC2B8F90095B120 /* PrimaryButtonStyle.swift in Sources */,
				CDC7804C2BC17F9E0095B120 /* TextInputField.swift in Sources */,
				CDC780662BC2B9BB0095B120 /* NetworkMonitor.swift in Sources */,
				C49C87D42BC5EFBF0074CD58 /* MockAPIClient.swift in Sources */,
				CDC7804E2BC17FAF0095B120 /* APIEndpoints.swift in Sources */,
				C49C87D52BC5EFBF0074CD58 /* MockLoginViewModel.swift in Sources */,
				CDC780502BC17FC00095B120 /* StringExtensions.swift in Sources */,
				CDC780602BC2B8CB0095B120 /* UserAvatarView.swift in Sources */,
				CDC780562BC187090095B120 /* URLSessionProtocol.swift in Sources */,
				CDC7805E2BC2B8B30095B120 /* MessageListView.swift in Sources */,
				CDC780452BC17E3D0095B120 /* ChatView.swift in Sources */,
				CDC7803C2BC17D8C0095B120 /* APIClient.swift in Sources */,
				CDC780472BC17F780095B120 /* User.swift in Sources */,
				CDC780492BC17F880095B120 /* MessageBubble.swift in Sources */,
				CDC7806B2BC2C1010095B120 /* LoginView.swift in Sources */,
				CDC7805A2BC1F0590095B120 /* UserListView.swift in Sources */,
				C49C87D32BC5EFBF0074CD58 /* MockChatViewModel.swift in Sources */,
				CDC7806D2BC2C1170095B120 /* LoginViewModel.swift in Sources */,
			);
			runOnlyForDeploymentPostprocessing = 0;
		};
		CDC780172BC17B380095B120 /* Sources */ = {
			isa = PBXSourcesBuildPhase;
			buildActionMask = 2147483647;
			files = (
				CDC780202BC17B380095B120 /* ChatCompanionTests.swift in Sources */,
				CDC7805C2BC1F1AA0095B120 /* UserViewModelTests.swift in Sources */,
				CDC780582BC1879A0095B120 /* APIClientTests.swift in Sources */,
			);
			runOnlyForDeploymentPostprocessing = 0;
		};
		CDC780212BC17B380095B120 /* Sources */ = {
			isa = PBXSourcesBuildPhase;
			buildActionMask = 2147483647;
			files = (
				CDC7802A2BC17B380095B120 /* ChatCompanionUITests.swift in Sources */,
				CDC7802C2BC17B380095B120 /* ChatCompanionUITestsLaunchTests.swift in Sources */,
			);
			runOnlyForDeploymentPostprocessing = 0;
		};
/* End PBXSourcesBuildPhase section */

/* Begin PBXTargetDependency section */
		CDC7801D2BC17B380095B120 /* PBXTargetDependency */ = {
			isa = PBXTargetDependency;
			target = CDC7800A2BC17B360095B120 /* ChatCompanion */;
			targetProxy = CDC7801C2BC17B380095B120 /* PBXContainerItemProxy */;
		};
		CDC780272BC17B380095B120 /* PBXTargetDependency */ = {
			isa = PBXTargetDependency;
			target = CDC7800A2BC17B360095B120 /* ChatCompanion */;
			targetProxy = CDC780262BC17B380095B120 /* PBXContainerItemProxy */;
		};
/* End PBXTargetDependency section */

/* Begin XCBuildConfiguration section */
		CDC7802D2BC17B380095B120 /* Debug */ = {
			isa = XCBuildConfiguration;
			buildSettings = {
				ALWAYS_SEARCH_USER_PATHS = NO;
				ASSETCATALOG_COMPILER_GENERATE_SWIFT_ASSET_SYMBOL_EXTENSIONS = YES;
				CLANG_ANALYZER_NONNULL = YES;
				CLANG_ANALYZER_NUMBER_OBJECT_CONVERSION = YES_AGGRESSIVE;
				CLANG_CXX_LANGUAGE_STANDARD = "gnu++20";
				CLANG_ENABLE_MODULES = YES;
				CLANG_ENABLE_OBJC_ARC = YES;
				CLANG_ENABLE_OBJC_WEAK = YES;
				CLANG_WARN_BLOCK_CAPTURE_AUTORELEASING = YES;
				CLANG_WARN_BOOL_CONVERSION = YES;
				CLANG_WARN_COMMA = YES;
				CLANG_WARN_CONSTANT_CONVERSION = YES;
				CLANG_WARN_DEPRECATED_OBJC_IMPLEMENTATIONS = YES;
				CLANG_WARN_DIRECT_OBJC_ISA_USAGE = YES_ERROR;
				CLANG_WARN_DOCUMENTATION_COMMENTS = YES;
				CLANG_WARN_EMPTY_BODY = YES;
				CLANG_WARN_ENUM_CONVERSION = YES;
				CLANG_WARN_INFINITE_RECURSION = YES;
				CLANG_WARN_INT_CONVERSION = YES;
				CLANG_WARN_NON_LITERAL_NULL_CONVERSION = YES;
				CLANG_WARN_OBJC_IMPLICIT_RETAIN_SELF = YES;
				CLANG_WARN_OBJC_LITERAL_CONVERSION = YES;
				CLANG_WARN_OBJC_ROOT_CLASS = YES_ERROR;
				CLANG_WARN_QUOTED_INCLUDE_IN_FRAMEWORK_HEADER = YES;
				CLANG_WARN_RANGE_LOOP_ANALYSIS = YES;
				CLANG_WARN_STRICT_PROTOTYPES = YES;
				CLANG_WARN_SUSPICIOUS_MOVE = YES;
				CLANG_WARN_UNGUARDED_AVAILABILITY = YES_AGGRESSIVE;
				CLANG_WARN_UNREACHABLE_CODE = YES;
				CLANG_WARN__DUPLICATE_METHOD_MATCH = YES;
				COPY_PHASE_STRIP = NO;
				DEBUG_INFORMATION_FORMAT = dwarf;
				ENABLE_STRICT_OBJC_MSGSEND = YES;
				ENABLE_TESTABILITY = YES;
				ENABLE_USER_SCRIPT_SANDBOXING = YES;
				GCC_C_LANGUAGE_STANDARD = gnu17;
				GCC_DYNAMIC_NO_PIC = NO;
				GCC_NO_COMMON_BLOCKS = YES;
				GCC_OPTIMIZATION_LEVEL = 0;
				GCC_PREPROCESSOR_DEFINITIONS = (
					"DEBUG=1",
					"$(inherited)",
				);
				GCC_WARN_64_TO_32_BIT_CONVERSION = YES;
				GCC_WARN_ABOUT_RETURN_TYPE = YES_ERROR;
				GCC_WARN_UNDECLARED_SELECTOR = YES;
				GCC_WARN_UNINITIALIZED_AUTOS = YES_AGGRESSIVE;
				GCC_WARN_UNUSED_FUNCTION = YES;
				GCC_WARN_UNUSED_VARIABLE = YES;
				IPHONEOS_DEPLOYMENT_TARGET = 17.2;
				LOCALIZATION_PREFERS_STRING_CATALOGS = YES;
				MTL_ENABLE_DEBUG_INFO = INCLUDE_SOURCE;
				MTL_FAST_MATH = YES;
				ONLY_ACTIVE_ARCH = YES;
				SDKROOT = iphoneos;
				SWIFT_ACTIVE_COMPILATION_CONDITIONS = "DEBUG $(inherited)";
				SWIFT_OPTIMIZATION_LEVEL = "-Onone";
			};
			name = Debug;
		};
		CDC7802E2BC17B380095B120 /* Release */ = {
			isa = XCBuildConfiguration;
			buildSettings = {
				ALWAYS_SEARCH_USER_PATHS = NO;
				ASSETCATALOG_COMPILER_GENERATE_SWIFT_ASSET_SYMBOL_EXTENSIONS = YES;
				CLANG_ANALYZER_NONNULL = YES;
				CLANG_ANALYZER_NUMBER_OBJECT_CONVERSION = YES_AGGRESSIVE;
				CLANG_CXX_LANGUAGE_STANDARD = "gnu++20";
				CLANG_ENABLE_MODULES = YES;
				CLANG_ENABLE_OBJC_ARC = YES;
				CLANG_ENABLE_OBJC_WEAK = YES;
				CLANG_WARN_BLOCK_CAPTURE_AUTORELEASING = YES;
				CLANG_WARN_BOOL_CONVERSION = YES;
				CLANG_WARN_COMMA = YES;
				CLANG_WARN_CONSTANT_CONVERSION = YES;
				CLANG_WARN_DEPRECATED_OBJC_IMPLEMENTATIONS = YES;
				CLANG_WARN_DIRECT_OBJC_ISA_USAGE = YES_ERROR;
				CLANG_WARN_DOCUMENTATION_COMMENTS = YES;
				CLANG_WARN_EMPTY_BODY = YES;
				CLANG_WARN_ENUM_CONVERSION = YES;
				CLANG_WARN_INFINITE_RECURSION = YES;
				CLANG_WARN_INT_CONVERSION = YES;
				CLANG_WARN_NON_LITERAL_NULL_CONVERSION = YES;
				CLANG_WARN_OBJC_IMPLICIT_RETAIN_SELF = YES;
				CLANG_WARN_OBJC_LITERAL_CONVERSION = YES;
				CLANG_WARN_OBJC_ROOT_CLASS = YES_ERROR;
				CLANG_WARN_QUOTED_INCLUDE_IN_FRAMEWORK_HEADER = YES;
				CLANG_WARN_RANGE_LOOP_ANALYSIS = YES;
				CLANG_WARN_STRICT_PROTOTYPES = YES;
				CLANG_WARN_SUSPICIOUS_MOVE = YES;
				CLANG_WARN_UNGUARDED_AVAILABILITY = YES_AGGRESSIVE;
				CLANG_WARN_UNREACHABLE_CODE = YES;
				CLANG_WARN__DUPLICATE_METHOD_MATCH = YES;
				COPY_PHASE_STRIP = NO;
				DEBUG_INFORMATION_FORMAT = "dwarf-with-dsym";
				ENABLE_NS_ASSERTIONS = NO;
				ENABLE_STRICT_OBJC_MSGSEND = YES;
				ENABLE_USER_SCRIPT_SANDBOXING = YES;
				GCC_C_LANGUAGE_STANDARD = gnu17;
				GCC_NO_COMMON_BLOCKS = YES;
				GCC_WARN_64_TO_32_BIT_CONVERSION = YES;
				GCC_WARN_ABOUT_RETURN_TYPE = YES_ERROR;
				GCC_WARN_UNDECLARED_SELECTOR = YES;
				GCC_WARN_UNINITIALIZED_AUTOS = YES_AGGRESSIVE;
				GCC_WARN_UNUSED_FUNCTION = YES;
				GCC_WARN_UNUSED_VARIABLE = YES;
				IPHONEOS_DEPLOYMENT_TARGET = 17.2;
				LOCALIZATION_PREFERS_STRING_CATALOGS = YES;
				MTL_ENABLE_DEBUG_INFO = NO;
				MTL_FAST_MATH = YES;
				SDKROOT = iphoneos;
				SWIFT_COMPILATION_MODE = wholemodule;
				VALIDATE_PRODUCT = YES;
			};
			name = Release;
		};
		CDC780302BC17B380095B120 /* Debug */ = {
			isa = XCBuildConfiguration;
			buildSettings = {
				ASSETCATALOG_COMPILER_APPICON_NAME = AppIcon;
				ASSETCATALOG_COMPILER_GLOBAL_ACCENT_COLOR_NAME = AccentColor;
				CODE_SIGN_STYLE = Automatic;
				CURRENT_PROJECT_VERSION = 1;
				DEVELOPMENT_ASSET_PATHS = "\"ChatCompanion/Preview Content\"";
				DEVELOPMENT_TEAM = 3777CH98HC;
				ENABLE_PREVIEWS = YES;
				GENERATE_INFOPLIST_FILE = YES;
				INFOPLIST_KEY_UIApplicationSceneManifest_Generation = YES;
				INFOPLIST_KEY_UIApplicationSupportsIndirectInputEvents = YES;
				INFOPLIST_KEY_UILaunchScreen_Generation = YES;
				INFOPLIST_KEY_UISupportedInterfaceOrientations_iPad = "UIInterfaceOrientationPortrait UIInterfaceOrientationPortraitUpsideDown UIInterfaceOrientationLandscapeLeft UIInterfaceOrientationLandscapeRight";
				INFOPLIST_KEY_UISupportedInterfaceOrientations_iPhone = "UIInterfaceOrientationPortrait UIInterfaceOrientationLandscapeLeft UIInterfaceOrientationLandscapeRight";
				IPHONEOS_DEPLOYMENT_TARGET = 17.0;
				LD_RUNPATH_SEARCH_PATHS = (
					"$(inherited)",
					"@executable_path/Frameworks",
				);
				MARKETING_VERSION = 1.0;
				OTHER_LDFLAGS = "-ObjC";
				PRODUCT_BUNDLE_IDENTIFIER = com.AheadVision.ChatCompanion.ChatCompanion;
				PRODUCT_NAME = "$(TARGET_NAME)";
				SWIFT_EMIT_LOC_STRINGS = YES;
				SWIFT_VERSION = 5.0;
				TARGETED_DEVICE_FAMILY = "1,2";
			};
			name = Debug;
		};
		CDC780312BC17B380095B120 /* Release */ = {
			isa = XCBuildConfiguration;
			buildSettings = {
				ASSETCATALOG_COMPILER_APPICON_NAME = AppIcon;
				ASSETCATALOG_COMPILER_GLOBAL_ACCENT_COLOR_NAME = AccentColor;
				CODE_SIGN_STYLE = Automatic;
				CURRENT_PROJECT_VERSION = 1;
				DEVELOPMENT_ASSET_PATHS = "\"ChatCompanion/Preview Content\"";
				DEVELOPMENT_TEAM = 3777CH98HC;
				ENABLE_PREVIEWS = YES;
				GENERATE_INFOPLIST_FILE = YES;
				INFOPLIST_KEY_UIApplicationSceneManifest_Generation = YES;
				INFOPLIST_KEY_UIApplicationSupportsIndirectInputEvents = YES;
				INFOPLIST_KEY_UILaunchScreen_Generation = YES;
				INFOPLIST_KEY_UISupportedInterfaceOrientations_iPad = "UIInterfaceOrientationPortrait UIInterfaceOrientationPortraitUpsideDown UIInterfaceOrientationLandscapeLeft UIInterfaceOrientationLandscapeRight";
				INFOPLIST_KEY_UISupportedInterfaceOrientations_iPhone = "UIInterfaceOrientationPortrait UIInterfaceOrientationLandscapeLeft UIInterfaceOrientationLandscapeRight";
				IPHONEOS_DEPLOYMENT_TARGET = 17.0;
				LD_RUNPATH_SEARCH_PATHS = (
					"$(inherited)",
					"@executable_path/Frameworks",
				);
				MARKETING_VERSION = 1.0;
				OTHER_LDFLAGS = "-ObjC";
				PRODUCT_BUNDLE_IDENTIFIER = com.AheadVision.ChatCompanion.ChatCompanion;
				PRODUCT_NAME = "$(TARGET_NAME)";
				SWIFT_EMIT_LOC_STRINGS = YES;
				SWIFT_VERSION = 5.0;
				TARGETED_DEVICE_FAMILY = "1,2";
			};
			name = Release;
		};
		CDC780332BC17B380095B120 /* Debug */ = {
			isa = XCBuildConfiguration;
			buildSettings = {
				ALWAYS_EMBED_SWIFT_STANDARD_LIBRARIES = YES;
				BUNDLE_LOADER = "$(TEST_HOST)";
				CODE_SIGN_STYLE = Automatic;
				CURRENT_PROJECT_VERSION = 1;
				DEVELOPMENT_TEAM = ATA7F7226K;
				GENERATE_INFOPLIST_FILE = YES;
				IPHONEOS_DEPLOYMENT_TARGET = 17.2;
				MARKETING_VERSION = 1.0;
				PRODUCT_BUNDLE_IDENTIFIER = com.AheadVision.ChatCompanion.ChatCompanionTests;
				PRODUCT_NAME = "$(TARGET_NAME)";
				SWIFT_EMIT_LOC_STRINGS = NO;
				SWIFT_VERSION = 5.0;
				TARGETED_DEVICE_FAMILY = "1,2";
				TEST_HOST = "$(BUILT_PRODUCTS_DIR)/ChatCompanion.app/$(BUNDLE_EXECUTABLE_FOLDER_PATH)/ChatCompanion";
			};
			name = Debug;
		};
		CDC780342BC17B380095B120 /* Release */ = {
			isa = XCBuildConfiguration;
			buildSettings = {
				ALWAYS_EMBED_SWIFT_STANDARD_LIBRARIES = YES;
				BUNDLE_LOADER = "$(TEST_HOST)";
				CODE_SIGN_STYLE = Automatic;
				CURRENT_PROJECT_VERSION = 1;
				DEVELOPMENT_TEAM = ATA7F7226K;
				GENERATE_INFOPLIST_FILE = YES;
				IPHONEOS_DEPLOYMENT_TARGET = 17.2;
				MARKETING_VERSION = 1.0;
				PRODUCT_BUNDLE_IDENTIFIER = com.AheadVision.ChatCompanion.ChatCompanionTests;
				PRODUCT_NAME = "$(TARGET_NAME)";
				SWIFT_EMIT_LOC_STRINGS = NO;
				SWIFT_VERSION = 5.0;
				TARGETED_DEVICE_FAMILY = "1,2";
				TEST_HOST = "$(BUILT_PRODUCTS_DIR)/ChatCompanion.app/$(BUNDLE_EXECUTABLE_FOLDER_PATH)/ChatCompanion";
			};
			name = Release;
		};
		CDC780362BC17B380095B120 /* Debug */ = {
			isa = XCBuildConfiguration;
			buildSettings = {
				ALWAYS_EMBED_SWIFT_STANDARD_LIBRARIES = YES;
				CODE_SIGN_STYLE = Automatic;
				CURRENT_PROJECT_VERSION = 1;
				DEVELOPMENT_TEAM = ATA7F7226K;
				GENERATE_INFOPLIST_FILE = YES;
				MARKETING_VERSION = 1.0;
				PRODUCT_BUNDLE_IDENTIFIER = com.AheadVision.ChatCompanion.ChatCompanionUITests;
				PRODUCT_NAME = "$(TARGET_NAME)";
				SWIFT_EMIT_LOC_STRINGS = NO;
				SWIFT_VERSION = 5.0;
				TARGETED_DEVICE_FAMILY = "1,2";
				TEST_TARGET_NAME = ChatCompanion;
			};
			name = Debug;
		};
		CDC780372BC17B380095B120 /* Release */ = {
			isa = XCBuildConfiguration;
			buildSettings = {
				ALWAYS_EMBED_SWIFT_STANDARD_LIBRARIES = YES;
				CODE_SIGN_STYLE = Automatic;
				CURRENT_PROJECT_VERSION = 1;
				DEVELOPMENT_TEAM = ATA7F7226K;
				GENERATE_INFOPLIST_FILE = YES;
				MARKETING_VERSION = 1.0;
				PRODUCT_BUNDLE_IDENTIFIER = com.AheadVision.ChatCompanion.ChatCompanionUITests;
				PRODUCT_NAME = "$(TARGET_NAME)";
				SWIFT_EMIT_LOC_STRINGS = NO;
				SWIFT_VERSION = 5.0;
				TARGETED_DEVICE_FAMILY = "1,2";
				TEST_TARGET_NAME = ChatCompanion;
			};
			name = Release;
		};
/* End XCBuildConfiguration section */

/* Begin XCConfigurationList section */
		CDC780062BC17B360095B120 /* Build configuration list for PBXProject "ChatCompanion" */ = {
			isa = XCConfigurationList;
			buildConfigurations = (
				CDC7802D2BC17B380095B120 /* Debug */,
				CDC7802E2BC17B380095B120 /* Release */,
			);
			defaultConfigurationIsVisible = 0;
			defaultConfigurationName = Release;
		};
		CDC7802F2BC17B380095B120 /* Build configuration list for PBXNativeTarget "ChatCompanion" */ = {
			isa = XCConfigurationList;
			buildConfigurations = (
				CDC780302BC17B380095B120 /* Debug */,
				CDC780312BC17B380095B120 /* Release */,
			);
			defaultConfigurationIsVisible = 0;
			defaultConfigurationName = Release;
		};
		CDC780322BC17B380095B120 /* Build configuration list for PBXNativeTarget "ChatCompanionTests" */ = {
			isa = XCConfigurationList;
			buildConfigurations = (
				CDC780332BC17B380095B120 /* Debug */,
				CDC780342BC17B380095B120 /* Release */,
			);
			defaultConfigurationIsVisible = 0;
			defaultConfigurationName = Release;
		};
		CDC780352BC17B380095B120 /* Build configuration list for PBXNativeTarget "ChatCompanionUITests" */ = {
			isa = XCConfigurationList;
			buildConfigurations = (
				CDC780362BC17B380095B120 /* Debug */,
				CDC780372BC17B380095B120 /* Release */,
			);
			defaultConfigurationIsVisible = 0;
			defaultConfigurationName = Release;
		};
/* End XCConfigurationList section */

/* Begin XCRemoteSwiftPackageReference section */
		C49C88142BC73DA10074CD58 /* XCRemoteSwiftPackageReference "firebase-ios-sdk" */ = {
			isa = XCRemoteSwiftPackageReference;
			repositoryURL = "https://github.com/firebase/firebase-ios-sdk";
			requirement = {
				kind = upToNextMajorVersion;
				minimumVersion = 10.24.0;
			};
		};
/* End XCRemoteSwiftPackageReference section */

/* Begin XCSwiftPackageProductDependency section */
		C49C884A2BC7494D0074CD58 /* FirebaseAnalytics */ = {
			isa = XCSwiftPackageProductDependency;
			package = C49C88142BC73DA10074CD58 /* XCRemoteSwiftPackageReference "firebase-ios-sdk" */;
			productName = FirebaseAnalytics;
		};
		C49C884C2BC7494D0074CD58 /* FirebaseAnalyticsSwift */ = {
			isa = XCSwiftPackageProductDependency;
			package = C49C88142BC73DA10074CD58 /* XCRemoteSwiftPackageReference "firebase-ios-sdk" */;
			productName = FirebaseAnalyticsSwift;
		};
/* End XCSwiftPackageProductDependency section */
	};
	rootObject = CDC780032BC17B360095B120 /* Project object */;
}
